
Microsoft Visual Studio Solution File, Format Version 12.00
# Visual Studio Version 16
VisualStudioVersion = 16.0.810.21
MinimumVisualStudioVersion = 10.0.40219.1
Project("{FAE04EC0-301F-11D3-BF4B-00C04F79EFBC}") = "Deliverable1", "Deliverable1\Deliverable1.csproj", "{6A594D09-0392-4427-8CA5-C5C0B4715B3D}"
EndProject
Global
	GlobalSection(SolutionConfigurationPlatforms) = preSolution
		Debug|anycpu = Debug|anycpu
		Release|anycpu = Release|anycpu
	EndGlobalSection
	GlobalSection(ProjectConfigurationPlatforms) = postSolution
		{6A594D09-0392-4427-8CA5-C5C0B4715B3D}.Debug|anycpu.ActiveCfg = Debug|anycpu
		{6A594D09-0392-4427-8CA5-C5C0B4715B3D}.Debug|anycpu.Build.0 = Debug|anycpu
		{6A594D09-0392-4427-8CA5-C5C0B4715B3D}.Release|anycpu.ActiveCfg = Release|anycpu
		{6A594D09-0392-4427-8CA5-C5C0B4715B3D}.Release|anycpu.Build.0 = Release|anycpu
	EndGlobalSection
	GlobalSection(SolutionProperties) = preSolution
		HideSolutionNode = FALSE
	EndGlobalSection
	GlobalSection(ExtensibilityGlobals) = postSolution
		SolutionGuid = {E1F0D102-1D27-452A-B36A-76405D681674}
	EndGlobalSection
EndGlobal
